// !$*UTF8*$!
{
	archiveVersion = 1;
	classes = {
	};
	objectVersion = 56;
	objects = {

/* Begin PBXBuildFile section */
		FC871F222B95C08E004C3AE4 /* AppDelegate.swift in Sources */ = {isa = PBXBuildFile; fileRef = FC871F212B95C08E004C3AE4 /* AppDelegate.swift */; };
		FC871F242B95C08E004C3AE4 /* SceneDelegate.swift in Sources */ = {isa = PBXBuildFile; fileRef = FC871F232B95C08E004C3AE4 /* SceneDelegate.swift */; };
		FC871F262B95C08E004C3AE4 /* TableViewController.swift in Sources */ = {isa = PBXBuildFile; fileRef = FC871F252B95C08E004C3AE4 /* TableViewController.swift */; };
		FC871F2B2B95C08F004C3AE4 /* Assets.xcassets in Resources */ = {isa = PBXBuildFile; fileRef = FC871F2A2B95C08F004C3AE4 /* Assets.xcassets */; };
		FC871F2E2B95C08F004C3AE4 /* LaunchScreen.storyboard in Resources */ = {isa = PBXBuildFile; fileRef = FC871F2C2B95C08F004C3AE4 /* LaunchScreen.storyboard */; };
		FC871F3A2B95C0FD004C3AE4 /* Pet.swift in Sources */ = {isa = PBXBuildFile; fileRef = FC871F392B95C0FD004C3AE4 /* Pet.swift */; };
		FC871F3C2B95C188004C3AE4 /* NetworkManager.swift in Sources */ = {isa = PBXBuildFile; fileRef = FC871F3B2B95C188004C3AE4 /* NetworkManager.swift */; };
		FC871F3F2B95C285004C3AE4 /* Alamofire in Frameworks */ = {isa = PBXBuildFile; productRef = FC871F3E2B95C285004C3AE4 /* Alamofire */; };
		FC871F412B95C285004C3AE4 /* AlamofireDynamic in Frameworks */ = {isa = PBXBuildFile; productRef = FC871F402B95C285004C3AE4 /* AlamofireDynamic */; };
		FC871F432B95D999004C3AE4 /* DetailViewController.swift in Sources */ = {isa = PBXBuildFile; fileRef = FC871F422B95D999004C3AE4 /* DetailViewController.swift */; };
		FC871F462B95DBCF004C3AE4 /* SnapKit in Frameworks */ = {isa = PBXBuildFile; productRef = FC871F452B95DBCF004C3AE4 /* SnapKit */; };
		FC871F482B95DBCF004C3AE4 /* SnapKit-Dynamic in Frameworks */ = {isa = PBXBuildFile; productRef = FC871F472B95DBCF004C3AE4 /* SnapKit-Dynamic */; };
		FC871F4E2B95DE52004C3AE4 /* Kingfisher in Frameworks */ = {isa = PBXBuildFile; productRef = FC871F4D2B95DE52004C3AE4 /* Kingfisher */; };
		FC871F502B95E6F6004C3AE4 /* AddPetViewController.swift in Sources */ = {isa = PBXBuildFile; fileRef = FC871F4F2B95E6F6004C3AE4 /* AddPetViewController.swift */; };
		FC9C32282B96F8E30004B569 /* EurekaAddPetViewController.swift in Sources */ = {isa = PBXBuildFile; fileRef = FC9C32272B96F8E30004B569 /* EurekaAddPetViewController.swift */; };
		FC9C322B2B96F9350004B569 /* Eureka in Frameworks */ = {isa = PBXBuildFile; productRef = FC9C322A2B96F9350004B569 /* Eureka */; };
		FC9C322D2B9730230004B569 /* Tag.swift in Sources */ = {isa = PBXBuildFile; fileRef = FC9C322C2B9730230004B569 /* Tag.swift */; };
/* End PBXBuildFile section */

/* Begin PBXFileReference section */
		FC871F1E2B95C08E004C3AE4 /* PetsTask.app */ = {isa = PBXFileReference; explicitFileType = wrapper.application; includeInIndex = 0; path = PetsTask.app; sourceTree = BUILT_PRODUCTS_DIR; };
		FC871F212B95C08E004C3AE4 /* AppDelegate.swift */ = {isa = PBXFileReference; lastKnownFileType = sourcecode.swift; path = AppDelegate.swift; sourceTree = "<group>"; };
		FC871F232B95C08E004C3AE4 /* SceneDelegate.swift */ = {isa = PBXFileReference; lastKnownFileType = sourcecode.swift; path = SceneDelegate.swift; sourceTree = "<group>"; };
		FC871F252B95C08E004C3AE4 /* TableViewController.swift */ = {isa = PBXFileReference; lastKnownFileType = sourcecode.swift; path = TableViewController.swift; sourceTree = "<group>"; };
		FC871F2A2B95C08F004C3AE4 /* Assets.xcassets */ = {isa = PBXFileReference; lastKnownFileType = folder.assetcatalog; path = Assets.xcassets; sourceTree = "<group>"; };
		FC871F2D2B95C08F004C3AE4 /* Base */ = {isa = PBXFileReference; lastKnownFileType = file.storyboard; name = Base; path = Base.lproj/LaunchScreen.storyboard; sourceTree = "<group>"; };
		FC871F2F2B95C08F004C3AE4 /* Info.plist */ = {isa = PBXFileReference; lastKnownFileType = text.plist.xml; path = Info.plist; sourceTree = "<group>"; };
		FC871F392B95C0FD004C3AE4 /* Pet.swift */ = {isa = PBXFileReference; lastKnownFileType = sourcecode.swift; path = Pet.swift; sourceTree = "<group>"; };
		FC871F3B2B95C188004C3AE4 /* NetworkManager.swift */ = {isa = PBXFileReference; lastKnownFileType = sourcecode.swift; path = NetworkManager.swift; sourceTree = "<group>"; };
		FC871F422B95D999004C3AE4 /* DetailViewController.swift */ = {isa = PBXFileReference; lastKnownFileType = sourcecode.swift; path = DetailViewController.swift; sourceTree = "<group>"; };
		FC871F4F2B95E6F6004C3AE4 /* AddPetViewController.swift */ = {isa = PBXFileReference; lastKnownFileType = sourcecode.swift; path = AddPetViewController.swift; sourceTree = "<group>"; };
		FC9C32272B96F8E30004B569 /* EurekaAddPetViewController.swift */ = {isa = PBXFileReference; lastKnownFileType = sourcecode.swift; path = EurekaAddPetViewController.swift; sourceTree = "<group>"; };
		FC9C322C2B9730230004B569 /* Tag.swift */ = {isa = PBXFileReference; lastKnownFileType = sourcecode.swift; path = Tag.swift; sourceTree = "<group>"; };
/* End PBXFileReference section */

/* Begin PBXFrameworksBuildPhase section */
		FC871F1B2B95C08E004C3AE4 /* Frameworks */ = {
			isa = PBXFrameworksBuildPhase;
			buildActionMask = 2147483647;
			files = (
				FC871F462B95DBCF004C3AE4 /* SnapKit in Frameworks */,
				FC871F3F2B95C285004C3AE4 /* Alamofire in Frameworks */,
				FC871F412B95C285004C3AE4 /* AlamofireDynamic in Frameworks */,
				FC871F482B95DBCF004C3AE4 /* SnapKit-Dynamic in Frameworks */,
				FC871F4E2B95DE52004C3AE4 /* Kingfisher in Frameworks */,
				FC9C322B2B96F9350004B569 /* Eureka in Frameworks */,
			);
			runOnlyForDeploymentPostprocessing = 0;
		};
/* End PBXFrameworksBuildPhase section */

/* Begin PBXGroup section */
		FC871F152B95C08E004C3AE4 = {
			isa = PBXGroup;
			children = (
				FC871F202B95C08E004C3AE4 /* PetsTask */,
				FC871F1F2B95C08E004C3AE4 /* Products */,
			);
			sourceTree = "<group>";
		};
		FC871F1F2B95C08E004C3AE4 /* Products */ = {
			isa = PBXGroup;
			children = (
				FC871F1E2B95C08E004C3AE4 /* PetsTask.app */,
			);
			name = Products;
			sourceTree = "<group>";
		};
		FC871F202B95C08E004C3AE4 /* PetsTask */ = {
			isa = PBXGroup;
			children = (
				FC871F382B95C0E7004C3AE4 /* Network */,
				FC871F372B95C0DA004C3AE4 /* Models */,
				FC871F352B95C0C4004C3AE4 /* Supporting */,
				FC871F362B95C0CE004C3AE4 /* VCs */,
				FC871F2A2B95C08F004C3AE4 /* Assets.xcassets */,
				FC871F2C2B95C08F004C3AE4 /* LaunchScreen.storyboard */,
				FC871F2F2B95C08F004C3AE4 /* Info.plist */,
			);
			path = PetsTask;
			sourceTree = "<group>";
		};
		FC871F352B95C0C4004C3AE4 /* Supporting */ = {
			isa = PBXGroup;
			children = (
				FC871F212B95C08E004C3AE4 /* AppDelegate.swift */,
				FC871F232B95C08E004C3AE4 /* SceneDelegate.swift */,
			);
			path = Supporting;
			sourceTree = "<group>";
		};
		FC871F362B95C0CE004C3AE4 /* VCs */ = {
			isa = PBXGroup;
			children = (
				FC871F252B95C08E004C3AE4 /* TableViewController.swift */,
				FC9C32272B96F8E30004B569 /* EurekaAddPetViewController.swift */,
				FC871F4F2B95E6F6004C3AE4 /* AddPetViewController.swift */,
				FC871F422B95D999004C3AE4 /* DetailViewController.swift */,
			);
			path = VCs;
			sourceTree = "<group>";
		};
		FC871F372B95C0DA004C3AE4 /* Models */ = {
			isa = PBXGroup;
			children = (
				FC871F392B95C0FD004C3AE4 /* Pet.swift */,
				FC9C322C2B9730230004B569 /* Tag.swift */,
			);
			path = Models;
			sourceTree = "<group>";
		};
		FC871F382B95C0E7004C3AE4 /* Network */ = {
			isa = PBXGroup;
			children = (
				FC871F3B2B95C188004C3AE4 /* NetworkManager.swift */,
			);
			path = Network;
			sourceTree = "<group>";
		};
/* End PBXGroup section */

/* Begin PBXNativeTarget section */
		FC871F1D2B95C08E004C3AE4 /* PetsTask */ = {
			isa = PBXNativeTarget;
			buildConfigurationList = FC871F322B95C08F004C3AE4 /* Build configuration list for PBXNativeTarget "PetsTask" */;
			buildPhases = (
				FC871F1A2B95C08E004C3AE4 /* Sources */,
				FC871F1B2B95C08E004C3AE4 /* Frameworks */,
				FC871F1C2B95C08E004C3AE4 /* Resources */,
			);
			buildRules = (
			);
			dependencies = (
			);
			name = PetsTask;
			packageProductDependencies = (
				FC871F3E2B95C285004C3AE4 /* Alamofire */,
				FC871F402B95C285004C3AE4 /* AlamofireDynamic */,
				FC871F452B95DBCF004C3AE4 /* SnapKit */,
				FC871F472B95DBCF004C3AE4 /* SnapKit-Dynamic */,
				FC871F4D2B95DE52004C3AE4 /* Kingfisher */,
				FC9C322A2B96F9350004B569 /* Eureka */,
			);
			productName = PetsTask;
			productReference = FC871F1E2B95C08E004C3AE4 /* PetsTask.app */;
			productType = "com.apple.product-type.application";
		};
/* End PBXNativeTarget section */

/* Begin PBXProject section */
		FC871F162B95C08E004C3AE4 /* Project object */ = {
			isa = PBXProject;
			attributes = {
				BuildIndependentTargetsInParallel = 1;
				LastSwiftUpdateCheck = 1520;
				LastUpgradeCheck = 1520;
				TargetAttributes = {
					FC871F1D2B95C08E004C3AE4 = {
						CreatedOnToolsVersion = 15.2;
					};
				};
			};
			buildConfigurationList = FC871F192B95C08E004C3AE4 /* Build configuration list for PBXProject "PetsTask" */;
			compatibilityVersion = "Xcode 14.0";
			developmentRegion = en;
			hasScannedForEncodings = 0;
			knownRegions = (
				en,
				Base,
			);
			mainGroup = FC871F152B95C08E004C3AE4;
			packageReferences = (
				FC871F3D2B95C285004C3AE4 /* XCRemoteSwiftPackageReference "Alamofire" */,
				FC871F442B95DBCF004C3AE4 /* XCRemoteSwiftPackageReference "SnapKit" */,
				FC871F4C2B95DE52004C3AE4 /* XCRemoteSwiftPackageReference "Kingfisher" */,
				FC9C32292B96F9350004B569 /* XCRemoteSwiftPackageReference "Eureka" */,
			);
			productRefGroup = FC871F1F2B95C08E004C3AE4 /* Products */;
			projectDirPath = "";
			projectRoot = "";
			targets = (
				FC871F1D2B95C08E004C3AE4 /* PetsTask */,
			);
		};
/* End PBXProject section */

/* Begin PBXResourcesBuildPhase section */
		FC871F1C2B95C08E004C3AE4 /* Resources */ = {
			isa = PBXResourcesBuildPhase;
			buildActionMask = 2147483647;
			files = (
				FC871F2E2B95C08F004C3AE4 /* LaunchScreen.storyboard in Resources */,
				FC871F2B2B95C08F004C3AE4 /* Assets.xcassets in Resources */,
			);
			runOnlyForDeploymentPostprocessing = 0;
		};
/* End PBXResourcesBuildPhase section */

/* Begin PBXSourcesBuildPhase section */
		FC871F1A2B95C08E004C3AE4 /* Sources */ = {
			isa = PBXSourcesBuildPhase;
			buildActionMask = 2147483647;
			files = (
				FC871F262B95C08E004C3AE4 /* TableViewController.swift in Sources */,
				FC871F3A2B95C0FD004C3AE4 /* Pet.swift in Sources */,
				FC9C32282B96F8E30004B569 /* EurekaAddPetViewController.swift in Sources */,
				FC871F3C2B95C188004C3AE4 /* NetworkManager.swift in Sources */,
				FC871F502B95E6F6004C3AE4 /* AddPetViewController.swift in Sources */,
				FC871F432B95D999004C3AE4 /* DetailViewController.swift in Sources */,
				FC9C322D2B9730230004B569 /* Tag.swift in Sources */,
				FC871F222B95C08E004C3AE4 /* AppDelegate.swift in Sources */,
				FC871F242B95C08E004C3AE4 /* SceneDelegate.swift in Sources */,
			);
			runOnlyForDeploymentPostprocessing = 0;
		};
/* End PBXSourcesBuildPhase section */

/* Begin PBXVariantGroup section */
		FC871F2C2B95C08F004C3AE4 /* LaunchScreen.storyboard */ = {
			isa = PBXVariantGroup;
			children = (
				FC871F2D2B95C08F004C3AE4 /* Base */,
			);
			name = LaunchScreen.storyboard;
			sourceTree = "<group>";
		};
/* End PBXVariantGroup section */

/* Begin XCBuildConfiguration section */
		FC871F302B95C08F004C3AE4 /* Debug */ = {
			isa = XCBuildConfiguration;
			buildSettings = {
				ALWAYS_SEARCH_USER_PATHS = NO;
				ASSETCATALOG_COMPILER_GENERATE_SWIFT_ASSET_SYMBOL_EXTENSIONS = YES;
				CLANG_ANALYZER_NONNULL = YES;
				CLANG_ANALYZER_NUMBER_OBJECT_CONVERSION = YES_AGGRESSIVE;
				CLANG_CXX_LANGUAGE_STANDARD = "gnu++20";
				CLANG_ENABLE_MODULES = YES;
				CLANG_ENABLE_OBJC_ARC = YES;
				CLANG_ENABLE_OBJC_WEAK = YES;
				CLANG_WARN_BLOCK_CAPTURE_AUTORELEASING = YES;
				CLANG_WARN_BOOL_CONVERSION = YES;
				CLANG_WARN_COMMA = YES;
				CLANG_WARN_CONSTANT_CONVERSION = YES;
				CLANG_WARN_DEPRECATED_OBJC_IMPLEMENTATIONS = YES;
				CLANG_WARN_DIRECT_OBJC_ISA_USAGE = YES_ERROR;
				CLANG_WARN_DOCUMENTATION_COMMENTS = YES;
				CLANG_WARN_EMPTY_BODY = YES;
				CLANG_WARN_ENUM_CONVERSION = YES;
				CLANG_WARN_INFINITE_RECURSION = YES;
				CLANG_WARN_INT_CONVERSION = YES;
				CLANG_WARN_NON_LITERAL_NULL_CONVERSION = YES;
				CLANG_WARN_OBJC_IMPLICIT_RETAIN_SELF = YES;
				CLANG_WARN_OBJC_LITERAL_CONVERSION = YES;
				CLANG_WARN_OBJC_ROOT_CLASS = YES_ERROR;
				CLANG_WARN_QUOTED_INCLUDE_IN_FRAMEWORK_HEADER = YES;
				CLANG_WARN_RANGE_LOOP_ANALYSIS = YES;
				CLANG_WARN_STRICT_PROTOTYPES = YES;
				CLANG_WARN_SUSPICIOUS_MOVE = YES;
				CLANG_WARN_UNGUARDED_AVAILABILITY = YES_AGGRESSIVE;
				CLANG_WARN_UNREACHABLE_CODE = YES;
				CLANG_WARN__DUPLICATE_METHOD_MATCH = YES;
				COPY_PHASE_STRIP = NO;
				DEBUG_INFORMATION_FORMAT = dwarf;
				ENABLE_STRICT_OBJC_MSGSEND = YES;
				ENABLE_TESTABILITY = YES;
				ENABLE_USER_SCRIPT_SANDBOXING = YES;
				GCC_C_LANGUAGE_STANDARD = gnu17;
				GCC_DYNAMIC_NO_PIC = NO;
				GCC_NO_COMMON_BLOCKS = YES;
				GCC_OPTIMIZATION_LEVEL = 0;
				GCC_PREPROCESSOR_DEFINITIONS = (
					"DEBUG=1",
					"$(inherited)",
				);
				GCC_WARN_64_TO_32_BIT_CONVERSION = YES;
				GCC_WARN_ABOUT_RETURN_TYPE = YES_ERROR;
				GCC_WARN_UNDECLARED_SELECTOR = YES;
				GCC_WARN_UNINITIALIZED_AUTOS = YES_AGGRESSIVE;
				GCC_WARN_UNUSED_FUNCTION = YES;
				GCC_WARN_UNUSED_VARIABLE = YES;
				IPHONEOS_DEPLOYMENT_TARGET = 17.2;
				LOCALIZATION_PREFERS_STRING_CATALOGS = YES;
				MTL_ENABLE_DEBUG_INFO = INCLUDE_SOURCE;
				MTL_FAST_MATH = YES;
				ONLY_ACTIVE_ARCH = YES;
				SDKROOT = iphoneos;
				SWIFT_ACTIVE_COMPILATION_CONDITIONS = "DEBUG $(inherited)";
				SWIFT_OPTIMIZATION_LEVEL = "-Onone";
			};
			name = Debug;
		};
		FC871F312B95C08F004C3AE4 /* Release */ = {
			isa = XCBuildConfiguration;
			buildSettings = {
				ALWAYS_SEARCH_USER_PATHS = NO;
				ASSETCATALOG_COMPILER_GENERATE_SWIFT_ASSET_SYMBOL_EXTENSIONS = YES;
				CLANG_ANALYZER_NONNULL = YES;
				CLANG_ANALYZER_NUMBER_OBJECT_CONVERSION = YES_AGGRESSIVE;
				CLANG_CXX_LANGUAGE_STANDARD = "gnu++20";
				CLANG_ENABLE_MODULES = YES;
				CLANG_ENABLE_OBJC_ARC = YES;
				CLANG_ENABLE_OBJC_WEAK = YES;
				CLANG_WARN_BLOCK_CAPTURE_AUTORELEASING = YES;
				CLANG_WARN_BOOL_CONVERSION = YES;
				CLANG_WARN_COMMA = YES;
				CLANG_WARN_CONSTANT_CONVERSION = YES;
				CLANG_WARN_DEPRECATED_OBJC_IMPLEMENTATIONS = YES;
				CLANG_WARN_DIRECT_OBJC_ISA_USAGE = YES_ERROR;
				CLANG_WARN_DOCUMENTATION_COMMENTS = YES;
				CLANG_WARN_EMPTY_BODY = YES;
				CLANG_WARN_ENUM_CONVERSION = YES;
				CLANG_WARN_INFINITE_RECURSION = YES;
				CLANG_WARN_INT_CONVERSION = YES;
				CLANG_WARN_NON_LITERAL_NULL_CONVERSION = YES;
				CLANG_WARN_OBJC_IMPLICIT_RETAIN_SELF = YES;
				CLANG_WARN_OBJC_LITERAL_CONVERSION = YES;
				CLANG_WARN_OBJC_ROOT_CLASS = YES_ERROR;
				CLANG_WARN_QUOTED_INCLUDE_IN_FRAMEWORK_HEADER = YES;
				CLANG_WARN_RANGE_LOOP_ANALYSIS = YES;
				CLANG_WARN_STRICT_PROTOTYPES = YES;
				CLANG_WARN_SUSPICIOUS_MOVE = YES;
				CLANG_WARN_UNGUARDED_AVAILABILITY = YES_AGGRESSIVE;
				CLANG_WARN_UNREACHABLE_CODE = YES;
				CLANG_WARN__DUPLICATE_METHOD_MATCH = YES;
				COPY_PHASE_STRIP = NO;
				DEBUG_INFORMATION_FORMAT = "dwarf-with-dsym";
				ENABLE_NS_ASSERTIONS = NO;
				ENABLE_STRICT_OBJC_MSGSEND = YES;
				ENABLE_USER_SCRIPT_SANDBOXING = YES;
				GCC_C_LANGUAGE_STANDARD = gnu17;
				GCC_NO_COMMON_BLOCKS = YES;
				GCC_WARN_64_TO_32_BIT_CONVERSION = YES;
				GCC_WARN_ABOUT_RETURN_TYPE = YES_ERROR;
				GCC_WARN_UNDECLARED_SELECTOR = YES;
				GCC_WARN_UNINITIALIZED_AUTOS = YES_AGGRESSIVE;
				GCC_WARN_UNUSED_FUNCTION = YES;
				GCC_WARN_UNUSED_VARIABLE = YES;
				IPHONEOS_DEPLOYMENT_TARGET = 17.2;
				LOCALIZATION_PREFERS_STRING_CATALOGS = YES;
				MTL_ENABLE_DEBUG_INFO = NO;
				MTL_FAST_MATH = YES;
				SDKROOT = iphoneos;
				SWIFT_COMPILATION_MODE = wholemodule;
				VALIDATE_PRODUCT = YES;
			};
			name = Release;
		};
		FC871F332B95C08F004C3AE4 /* Debug */ = {
			isa = XCBuildConfiguration;
			buildSettings = {
				ASSETCATALOG_COMPILER_APPICON_NAME = AppIcon;
				ASSETCATALOG_COMPILER_GLOBAL_ACCENT_COLOR_NAME = AccentColor;
				CODE_SIGN_STYLE = Automatic;
				CURRENT_PROJECT_VERSION = 1;
				GENERATE_INFOPLIST_FILE = YES;
				INFOPLIST_FILE = PetsTask/Info.plist;
				INFOPLIST_KEY_UIApplicationSupportsIndirectInputEvents = YES;
				INFOPLIST_KEY_UILaunchStoryboardName = LaunchScreen;
				INFOPLIST_KEY_UISupportedInterfaceOrientations_iPad = "UIInterfaceOrientationPortrait UIInterfaceOrientationPortraitUpsideDown UIInterfaceOrientationLandscapeLeft UIInterfaceOrientationLandscapeRight";
				INFOPLIST_KEY_UISupportedInterfaceOrientations_iPhone = "UIInterfaceOrientationPortrait UIInterfaceOrientationLandscapeLeft UIInterfaceOrientationLandscapeRight";
				LD_RUNPATH_SEARCH_PATHS = (
					"$(inherited)",
					"@executable_path/Frameworks",
				);
				MARKETING_VERSION = 1.0;
				PRODUCT_BUNDLE_IDENTIFIER = com.coded.PetsTask;
				PRODUCT_NAME = "$(TARGET_NAME)";
				SUPPORTED_PLATFORMS = "iphoneos iphonesimulator";
				SUPPORTS_MACCATALYST = NO;
				SUPPORTS_MAC_DESIGNED_FOR_IPHONE_IPAD = NO;
				SUPPORTS_XR_DESIGNED_FOR_IPHONE_IPAD = NO;
				SWIFT_EMIT_LOC_STRINGS = YES;
				SWIFT_VERSION = 5.0;
				TARGETED_DEVICE_FAMILY = 1;
			};
			name = Debug;
		};
		FC871F342B95C08F004C3AE4 /* Release */ = {
			isa = XCBuildConfiguration;
			buildSettings = {
				ASSETCATALOG_COMPILER_APPICON_NAME = AppIcon;
				ASSETCATALOG_COMPILER_GLOBAL_ACCENT_COLOR_NAME = AccentColor;
				CODE_SIGN_STYLE = Automatic;
				CURRENT_PROJECT_VERSION = 1;
				GENERATE_INFOPLIST_FILE = YES;
				INFOPLIST_FILE = PetsTask/Info.plist;
				INFOPLIST_KEY_UIApplicationSupportsIndirectInputEvents = YES;
				INFOPLIST_KEY_UILaunchStoryboardName = LaunchScreen;
				INFOPLIST_KEY_UISupportedInterfaceOrientations_iPad = "UIInterfaceOrientationPortrait UIInterfaceOrientationPortraitUpsideDown UIInterfaceOrientationLandscapeLeft UIInterfaceOrientationLandscapeRight";
				INFOPLIST_KEY_UISupportedInterfaceOrientations_iPhone = "UIInterfaceOrientationPortrait UIInterfaceOrientationLandscapeLeft UIInterfaceOrientationLandscapeRight";
				LD_RUNPATH_SEARCH_PATHS = (
					"$(inherited)",
					"@executable_path/Frameworks",
				);
				MARKETING_VERSION = 1.0;
				PRODUCT_BUNDLE_IDENTIFIER = com.coded.PetsTask;
				PRODUCT_NAME = "$(TARGET_NAME)";
				SUPPORTED_PLATFORMS = "iphoneos iphonesimulator";
				SUPPORTS_MACCATALYST = NO;
				SUPPORTS_MAC_DESIGNED_FOR_IPHONE_IPAD = NO;
				SUPPORTS_XR_DESIGNED_FOR_IPHONE_IPAD = NO;
				SWIFT_EMIT_LOC_STRINGS = YES;
				SWIFT_VERSION = 5.0;
				TARGETED_DEVICE_FAMILY = 1;
			};
			name = Release;
		};
/* End XCBuildConfiguration section */

/* Begin XCConfigurationList section */
		FC871F192B95C08E004C3AE4 /* Build configuration list for PBXProject "PetsTask" */ = {
			isa = XCConfigurationList;
			buildConfigurations = (
				FC871F302B95C08F004C3AE4 /* Debug */,
				FC871F312B95C08F004C3AE4 /* Release */,
			);
			defaultConfigurationIsVisible = 0;
			defaultConfigurationName = Release;
		};
		FC871F322B95C08F004C3AE4 /* Build configuration list for PBXNativeTarget "PetsTask" */ = {
			isa = XCConfigurationList;
			buildConfigurations = (
				FC871F332B95C08F004C3AE4 /* Debug */,
				FC871F342B95C08F004C3AE4 /* Release */,
			);
			defaultConfigurationIsVisible = 0;
			defaultConfigurationName = Release;
		};
/* End XCConfigurationList section */

/* Begin XCRemoteSwiftPackageReference section */
		FC871F3D2B95C285004C3AE4 /* XCRemoteSwiftPackageReference "Alamofire" */ = {
			isa = XCRemoteSwiftPackageReference;
			repositoryURL = "https://github.com/Alamofire/Alamofire";
			requirement = {
				kind = upToNextMajorVersion;
				minimumVersion = 5.9.0;
			};
		};
		FC871F442B95DBCF004C3AE4 /* XCRemoteSwiftPackageReference "SnapKit" */ = {
			isa = XCRemoteSwiftPackageReference;
			repositoryURL = "https://github.com/SnapKit/SnapKit.git";
			requirement = {
				kind = upToNextMajorVersion;
				minimumVersion = 5.7.1;
			};
		};
		FC871F4C2B95DE52004C3AE4 /* XCRemoteSwiftPackageReference "Kingfisher" */ = {
			isa = XCRemoteSwiftPackageReference;
			repositoryURL = "https://github.com/onevcat/Kingfisher.git";
			requirement = {
				kind = upToNextMajorVersion;
				minimumVersion = 7.0.0;
			};
		};
		FC9C32292B96F9350004B569 /* XCRemoteSwiftPackageReference "Eureka" */ = {
			isa = XCRemoteSwiftPackageReference;
			repositoryURL = "https://github.com/xmartlabs/Eureka";
			requirement = {
				kind = upToNextMajorVersion;
				minimumVersion = 5.4.0;
			};
		};
/* End XCRemoteSwiftPackageReference section */

/* Begin XCSwiftPackageProductDependency section */
		FC871F3E2B95C285004C3AE4 /* Alamofire */ = {
			isa = XCSwiftPackageProductDependency;
			package = FC871F3D2B95C285004C3AE4 /* XCRemoteSwiftPackageReference "Alamofire" */;
			productName = Alamofire;
		};
		FC871F402B95C285004C3AE4 /* AlamofireDynamic */ = {
			isa = XCSwiftPackageProductDependency;
			package = FC871F3D2B95C285004C3AE4 /* XCRemoteSwiftPackageReference "Alamofire" */;
			productName = AlamofireDynamic;
		};
		FC871F452B95DBCF004C3AE4 /* SnapKit */ = {
			isa = XCSwiftPackageProductDependency;
			package = FC871F442B95DBCF004C3AE4 /* XCRemoteSwiftPackageReference "SnapKit" */;
			productName = SnapKit;
		};
		FC871F472B95DBCF004C3AE4 /* SnapKit-Dynamic */ = {
			isa = XCSwiftPackageProductDependency;
			package = FC871F442B95DBCF004C3AE4 /* XCRemoteSwiftPackageReference "SnapKit" */;
			productName = "SnapKit-Dynamic";
		};
		FC871F4D2B95DE52004C3AE4 /* Kingfisher */ = {
			isa = XCSwiftPackageProductDependency;
			package = FC871F4C2B95DE52004C3AE4 /* XCRemoteSwiftPackageReference "Kingfisher" */;
			productName = Kingfisher;
		};
		FC9C322A2B96F9350004B569 /* Eureka */ = {
			isa = XCSwiftPackageProductDependency;
			package = FC9C32292B96F9350004B569 /* XCRemoteSwiftPackageReference "Eureka" */;
			productName = Eureka;
		};
/* End XCSwiftPackageProductDependency section */
	};
	rootObject = FC871F162B95C08E004C3AE4 /* Project object */;
}
